
Microsoft Visual Studio Solution File, Format Version 12.00
# Visual Studio 15
VisualStudioVersion = 15.0.28307.1500
MinimumVisualStudioVersion = 10.0.40219.1
Project("{159641D6-6404-4A2A-AE62-294DE0FE8301}") = "SSIS-LABS-EXAMPLES", "SSIS-LABS-EXAMPLES\SSIS-LABS-EXAMPLES.dtproj", "{451EE0B5-6619-4D74-B4C6-68A4AC79ABA6}"
EndProject
Global
	GlobalSection(SolutionConfigurationPlatforms) = preSolution
		Development|Default = Development|Default
	EndGlobalSection
	GlobalSection(ProjectConfigurationPlatforms) = postSolution
		{451EE0B5-6619-4D74-B4C6-68A4AC79ABA6}.Development|Default.ActiveCfg = Development
		{451EE0B5-6619-4D74-B4C6-68A4AC79ABA6}.Development|Default.Build.0 = Development
	EndGlobalSection
	GlobalSection(SolutionProperties) = preSolution
		HideSolutionNode = FALSE
	EndGlobalSection
	GlobalSection(ExtensibilityGlobals) = postSolution
		SolutionGuid = {F7BF7A29-4E04-42F9-8742-1525F14F85F7}
	EndGlobalSection
EndGlobal
